
Microsoft Visual Studio Solution File, Format Version 12.00
# Visual Studio 15
VisualStudioVersion = 15.0.27428.2037
MinimumVisualStudioVersion = 10.0.40219.1
Project("{9A19103F-16F7-4668-BE54-9A1E7A4F7556}") = "RazorWare.CoreDL", "RazorWare.CoreDL\RazorWare.CoreDL.csproj", "{96D7A519-E130-46D0-913E-629BB34B381B}"
EndProject
Project("{9A19103F-16F7-4668-BE54-9A1E7A4F7556}") = "RazorWare.CoreDL.Testing", "RazorWare.CoreDL.Testing\RazorWare.CoreDL.Testing.csproj", "{46C73EE0-8788-4F38-BF35-09B3054A5CEE}"
EndProject
Project("{9A19103F-16F7-4668-BE54-9A1E7A4F7556}") = "RazorWare.CoreDL.Testing.CreateNativeWindow", "RazorWare.CoreDL.Testing.CreateNativeWindow\RazorWare.CoreDL.Testing.CreateNativeWindow.csproj", "{09E452CA-93E7-43A9-92F8-48DC2182A422}"
EndProject
Project("{9A19103F-16F7-4668-BE54-9A1E7A4F7556}") = "RazorWare.CoreDL.Testing.CreateEventPump", "RazorWare.CoreDL.Testing.CreateEventPump\RazorWare.CoreDL.Testing.CreateEventPump.csproj", "{142A2F16-15D3-40B8-B1C4-F562F536483A}"
EndProject
Project("{9A19103F-16F7-4668-BE54-9A1E7A4F7556}") = "RazorWare.Core.Toolbox", "RazorWare.Core.Toolbox\RazorWare.Core.Toolbox.csproj", "{1B1EAB21-4F9E-4022-95C6-ABB80611F14C}"
EndProject
Global
	GlobalSection(SolutionConfigurationPlatforms) = preSolution
		Debug|Any CPU = Debug|Any CPU
		Release|Any CPU = Release|Any CPU
	EndGlobalSection
	GlobalSection(ProjectConfigurationPlatforms) = postSolution
		{96D7A519-E130-46D0-913E-629BB34B381B}.Debug|Any CPU.ActiveCfg = Debug|Any CPU
		{96D7A519-E130-46D0-913E-629BB34B381B}.Debug|Any CPU.Build.0 = Debug|Any CPU
		{96D7A519-E130-46D0-913E-629BB34B381B}.Release|Any CPU.ActiveCfg = Release|Any CPU
		{96D7A519-E130-46D0-913E-629BB34B381B}.Release|Any CPU.Build.0 = Release|Any CPU
		{46C73EE0-8788-4F38-BF35-09B3054A5CEE}.Debug|Any CPU.ActiveCfg = Debug|Any CPU
		{46C73EE0-8788-4F38-BF35-09B3054A5CEE}.Debug|Any CPU.Build.0 = Debug|Any CPU
		{46C73EE0-8788-4F38-BF35-09B3054A5CEE}.Release|Any CPU.ActiveCfg = Release|Any CPU
		{46C73EE0-8788-4F38-BF35-09B3054A5CEE}.Release|Any CPU.Build.0 = Release|Any CPU
		{09E452CA-93E7-43A9-92F8-48DC2182A422}.Debug|Any CPU.ActiveCfg = Debug|Any CPU
		{09E452CA-93E7-43A9-92F8-48DC2182A422}.Debug|Any CPU.Build.0 = Debug|Any CPU
		{09E452CA-93E7-43A9-92F8-48DC2182A422}.Release|Any CPU.ActiveCfg = Release|Any CPU
		{09E452CA-93E7-43A9-92F8-48DC2182A422}.Release|Any CPU.Build.0 = Release|Any CPU
		{142A2F16-15D3-40B8-B1C4-F562F536483A}.Debug|Any CPU.ActiveCfg = Debug|Any CPU
		{142A2F16-15D3-40B8-B1C4-F562F536483A}.Debug|Any CPU.Build.0 = Debug|Any CPU
		{142A2F16-15D3-40B8-B1C4-F562F536483A}.Release|Any CPU.ActiveCfg = Release|Any CPU
		{142A2F16-15D3-40B8-B1C4-F562F536483A}.Release|Any CPU.Build.0 = Release|Any CPU
		{1B1EAB21-4F9E-4022-95C6-ABB80611F14C}.Debug|Any CPU.ActiveCfg = Debug|Any CPU
		{1B1EAB21-4F9E-4022-95C6-ABB80611F14C}.Debug|Any CPU.Build.0 = Debug|Any CPU
		{1B1EAB21-4F9E-4022-95C6-ABB80611F14C}.Release|Any CPU.ActiveCfg = Release|Any CPU
		{1B1EAB21-4F9E-4022-95C6-ABB80611F14C}.Release|Any CPU.Build.0 = Release|Any CPU
	EndGlobalSection
	GlobalSection(SolutionProperties) = preSolution
		HideSolutionNode = FALSE
	EndGlobalSection
	GlobalSection(ExtensibilityGlobals) = postSolution
		SolutionGuid = {DBC2FDE5-1CE5-4F3B-B88A-B88EAFBF92CF}
	EndGlobalSection
EndGlobal
