
Microsoft Visual Studio Solution File, Format Version 12.00
# Visual Studio 15
VisualStudioVersion = 15.0.27130.2027
MinimumVisualStudioVersion = 10.0.40219.1
Project("{9A19103F-16F7-4668-BE54-9A1E7A4F7556}") = "RazorWare.Jargon", "RazorWare.Jargon\RazorWare.Jargon.csproj", "{91D9673A-3A77-409E-B1F6-F4604C329C02}"
EndProject
Project("{9A19103F-16F7-4668-BE54-9A1E7A4F7556}") = "RazorWare.Jargon.Testing", "RazorWare.Jargon.Testing\RazorWare.Jargon.Testing.csproj", "{B0DE0FA1-E4B2-45F8-B7F5-E92BEAFFF8ED}"
EndProject
Global
	GlobalSection(SolutionConfigurationPlatforms) = preSolution
		Debug|Any CPU = Debug|Any CPU
		Release|Any CPU = Release|Any CPU
	EndGlobalSection
	GlobalSection(ProjectConfigurationPlatforms) = postSolution
		{91D9673A-3A77-409E-B1F6-F4604C329C02}.Debug|Any CPU.ActiveCfg = Debug|Any CPU
		{91D9673A-3A77-409E-B1F6-F4604C329C02}.Debug|Any CPU.Build.0 = Debug|Any CPU
		{91D9673A-3A77-409E-B1F6-F4604C329C02}.Release|Any CPU.ActiveCfg = Release|Any CPU
		{91D9673A-3A77-409E-B1F6-F4604C329C02}.Release|Any CPU.Build.0 = Release|Any CPU
		{B0DE0FA1-E4B2-45F8-B7F5-E92BEAFFF8ED}.Debug|Any CPU.ActiveCfg = Debug|Any CPU
		{B0DE0FA1-E4B2-45F8-B7F5-E92BEAFFF8ED}.Debug|Any CPU.Build.0 = Debug|Any CPU
		{B0DE0FA1-E4B2-45F8-B7F5-E92BEAFFF8ED}.Release|Any CPU.ActiveCfg = Release|Any CPU
		{B0DE0FA1-E4B2-45F8-B7F5-E92BEAFFF8ED}.Release|Any CPU.Build.0 = Release|Any CPU
	EndGlobalSection
	GlobalSection(SolutionProperties) = preSolution
		HideSolutionNode = FALSE
	EndGlobalSection
	GlobalSection(ExtensibilityGlobals) = postSolution
		SolutionGuid = {A0E224FA-37E2-499B-B11B-AA46114D2A69}
	EndGlobalSection
EndGlobal
